
Microsoft Visual Studio Solution File, Format Version 12.00
# Visual Studio 15
VisualStudioVersion = 15.0.26730.3
MinimumVisualStudioVersion = 10.0.40219.1
Project("{FAE04EC0-301F-11D3-BF4B-00C04F79EFBC}") = "dvgo-web", "dvgo-web\dvgo-web.csproj", "{87FE9E71-BD0A-463D-800F-7AF192D40634}"
EndProject
Global
	GlobalSection(SolutionConfigurationPlatforms) = preSolution
		Debug|Any CPU = Debug|Any CPU
		Release|Any CPU = Release|Any CPU
	EndGlobalSection
	GlobalSection(ProjectConfigurationPlatforms) = postSolution
		{87FE9E71-BD0A-463D-800F-7AF192D40634}.Debug|Any CPU.ActiveCfg = Debug|Any CPU
		{87FE9E71-BD0A-463D-800F-7AF192D40634}.Debug|Any CPU.Build.0 = Debug|Any CPU
		{87FE9E71-BD0A-463D-800F-7AF192D40634}.Release|Any CPU.ActiveCfg = Release|Any CPU
		{87FE9E71-BD0A-463D-800F-7AF192D40634}.Release|Any CPU.Build.0 = Release|Any CPU
	EndGlobalSection
	GlobalSection(SolutionProperties) = preSolution
		HideSolutionNode = FALSE
	EndGlobalSection
	GlobalSection(ExtensibilityGlobals) = postSolution
		SolutionGuid = {5543AF54-2E07-4D21-8F3E-85D59E7BE2CE}
	EndGlobalSection
EndGlobal
